// !$*UTF8*$!
{
	archiveVersion = 1;
	classes = {
	};
	objectVersion = 46;
	objects = {

/* Begin PBXBuildFile section */
		818AC89C1DA539E500659821 /* AppDelegate.swift in Sources */ = {isa = PBXBuildFile; fileRef = 818AC89B1DA539E500659821 /* AppDelegate.swift */; };
		818AC89E1DA539E500659821 /* ViewController.swift in Sources */ = {isa = PBXBuildFile; fileRef = 818AC89D1DA539E500659821 /* ViewController.swift */; };
		818AC8A11DA539E500659821 /* Main.storyboard in Resources */ = {isa = PBXBuildFile; fileRef = 818AC89F1DA539E500659821 /* Main.storyboard */; };
		818AC8A41DA539E500659821 /* TwitterApp.xcdatamodeld in Sources */ = {isa = PBXBuildFile; fileRef = 818AC8A21DA539E500659821 /* TwitterApp.xcdatamodeld */; };
		818AC8A61DA539E500659821 /* Assets.xcassets in Resources */ = {isa = PBXBuildFile; fileRef = 818AC8A51DA539E500659821 /* Assets.xcassets */; };
		818AC8A91DA539E500659821 /* LaunchScreen.storyboard in Resources */ = {isa = PBXBuildFile; fileRef = 818AC8A71DA539E500659821 /* LaunchScreen.storyboard */; };
		818AC8DC1DA610CC00659821 /* TwitterAccount+CoreDataClass.swift in Sources */ = {isa = PBXBuildFile; fileRef = 818AC8D81DA610CC00659821 /* TwitterAccount+CoreDataClass.swift */; };
		818AC8DD1DA610CC00659821 /* TwitterAccount+CoreDataProperties.swift in Sources */ = {isa = PBXBuildFile; fileRef = 818AC8D91DA610CC00659821 /* TwitterAccount+CoreDataProperties.swift */; };
		818AC8DE1DA610CC00659821 /* Schedule+CoreDataClass.swift in Sources */ = {isa = PBXBuildFile; fileRef = 818AC8DA1DA610CC00659821 /* Schedule+CoreDataClass.swift */; };
		818AC8DF1DA610CC00659821 /* Schedule+CoreDataProperties.swift in Sources */ = {isa = PBXBuildFile; fileRef = 818AC8DB1DA610CC00659821 /* Schedule+CoreDataProperties.swift */; };
/* End PBXBuildFile section */

/* Begin PBXFileReference section */
		818AC8981DA539E500659821 /* TwitterApp.app */ = {isa = PBXFileReference; explicitFileType = wrapper.application; includeInIndex = 0; path = TwitterApp.app; sourceTree = BUILT_PRODUCTS_DIR; };
		818AC89B1DA539E500659821 /* AppDelegate.swift */ = {isa = PBXFileReference; lastKnownFileType = sourcecode.swift; path = AppDelegate.swift; sourceTree = "<group>"; };
		818AC89D1DA539E500659821 /* ViewController.swift */ = {isa = PBXFileReference; lastKnownFileType = sourcecode.swift; path = ViewController.swift; sourceTree = "<group>"; };
		818AC8A01DA539E500659821 /* Base */ = {isa = PBXFileReference; lastKnownFileType = file.storyboard; name = Base; path = Base.lproj/Main.storyboard; sourceTree = "<group>"; };
		818AC8A31DA539E500659821 /* TwitterApp.xcdatamodel */ = {isa = PBXFileReference; lastKnownFileType = wrapper.xcdatamodel; path = TwitterApp.xcdatamodel; sourceTree = "<group>"; };
		818AC8A51DA539E500659821 /* Assets.xcassets */ = {isa = PBXFileReference; lastKnownFileType = folder.assetcatalog; path = Assets.xcassets; sourceTree = "<group>"; };
		818AC8A81DA539E500659821 /* Base */ = {isa = PBXFileReference; lastKnownFileType = file.storyboard; name = Base; path = Base.lproj/LaunchScreen.storyboard; sourceTree = "<group>"; };
		818AC8AA1DA539E500659821 /* Info.plist */ = {isa = PBXFileReference; lastKnownFileType = text.plist.xml; path = Info.plist; sourceTree = "<group>"; };
		818AC8D81DA610CC00659821 /* TwitterAccount+CoreDataClass.swift */ = {isa = PBXFileReference; fileEncoding = 4; lastKnownFileType = sourcecode.swift; name = "TwitterAccount+CoreDataClass.swift"; path = "Model/TwitterAccount+CoreDataClass.swift"; sourceTree = "<group>"; };
		818AC8D91DA610CC00659821 /* TwitterAccount+CoreDataProperties.swift */ = {isa = PBXFileReference; fileEncoding = 4; lastKnownFileType = sourcecode.swift; name = "TwitterAccount+CoreDataProperties.swift"; path = "Model/TwitterAccount+CoreDataProperties.swift"; sourceTree = "<group>"; };
		818AC8DA1DA610CC00659821 /* Schedule+CoreDataClass.swift */ = {isa = PBXFileReference; fileEncoding = 4; lastKnownFileType = sourcecode.swift; name = "Schedule+CoreDataClass.swift"; path = "Model/Schedule+CoreDataClass.swift"; sourceTree = "<group>"; };
		818AC8DB1DA610CC00659821 /* Schedule+CoreDataProperties.swift */ = {isa = PBXFileReference; fileEncoding = 4; lastKnownFileType = sourcecode.swift; name = "Schedule+CoreDataProperties.swift"; path = "Model/Schedule+CoreDataProperties.swift"; sourceTree = "<group>"; };
/* End PBXFileReference section */

/* Begin PBXFrameworksBuildPhase section */
		818AC8951DA539E500659821 /* Frameworks */ = {
			isa = PBXFrameworksBuildPhase;
			buildActionMask = 2147483647;
			files = (
			);
			runOnlyForDeploymentPostprocessing = 0;
		};
/* End PBXFrameworksBuildPhase section */

/* Begin PBXGroup section */
		818AC88F1DA539E500659821 = {
			isa = PBXGroup;
			children = (
				818AC8E01DA610D400659821 /* New Group */,
				818AC89A1DA539E500659821 /* TwitterApp */,
				818AC8991DA539E500659821 /* Products */,
			);
			sourceTree = "<group>";
		};
		818AC8991DA539E500659821 /* Products */ = {
			isa = PBXGroup;
			children = (
				818AC8981DA539E500659821 /* TwitterApp.app */,
			);
			name = Products;
			sourceTree = "<group>";
		};
		818AC89A1DA539E500659821 /* TwitterApp */ = {
			isa = PBXGroup;
			children = (
				818AC89B1DA539E500659821 /* AppDelegate.swift */,
				818AC89D1DA539E500659821 /* ViewController.swift */,
				818AC89F1DA539E500659821 /* Main.storyboard */,
				818AC8A51DA539E500659821 /* Assets.xcassets */,
				818AC8A71DA539E500659821 /* LaunchScreen.storyboard */,
				818AC8AA1DA539E500659821 /* Info.plist */,
				818AC8A21DA539E500659821 /* TwitterApp.xcdatamodeld */,
			);
			path = TwitterApp;
			sourceTree = "<group>";
		};
		818AC8E01DA610D400659821 /* New Group */ = {
			isa = PBXGroup;
			children = (
				818AC8D81DA610CC00659821 /* TwitterAccount+CoreDataClass.swift */,
				818AC8D91DA610CC00659821 /* TwitterAccount+CoreDataProperties.swift */,
				818AC8DA1DA610CC00659821 /* Schedule+CoreDataClass.swift */,
				818AC8DB1DA610CC00659821 /* Schedule+CoreDataProperties.swift */,
			);
			name = "New Group";
			sourceTree = "<group>";
		};
/* End PBXGroup section */

/* Begin PBXNativeTarget section */
		818AC8971DA539E500659821 /* TwitterApp */ = {
			isa = PBXNativeTarget;
			buildConfigurationList = 818AC8AD1DA539E500659821 /* Build configuration list for PBXNativeTarget "TwitterApp" */;
			buildPhases = (
				818AC8941DA539E500659821 /* Sources */,
				818AC8951DA539E500659821 /* Frameworks */,
				818AC8961DA539E500659821 /* Resources */,
			);
			buildRules = (
			);
			dependencies = (
			);
			name = TwitterApp;
			productName = TwitterApp;
			productReference = 818AC8981DA539E500659821 /* TwitterApp.app */;
			productType = "com.apple.product-type.application";
		};
/* End PBXNativeTarget section */

/* Begin PBXProject section */
		818AC8901DA539E500659821 /* Project object */ = {
			isa = PBXProject;
			attributes = {
				LastSwiftUpdateCheck = 0800;
				LastUpgradeCheck = 0800;
				ORGANIZATIONNAME = "Jake Swedenbug";
				TargetAttributes = {
					818AC8971DA539E500659821 = {
						CreatedOnToolsVersion = 8.0;
						DevelopmentTeam = K723TX5AY3;
						ProvisioningStyle = Automatic;
					};
				};
			};
			buildConfigurationList = 818AC8931DA539E500659821 /* Build configuration list for PBXProject "TwitterApp" */;
			compatibilityVersion = "Xcode 3.2";
			developmentRegion = English;
			hasScannedForEncodings = 0;
			knownRegions = (
				en,
				Base,
			);
			mainGroup = 818AC88F1DA539E500659821;
			productRefGroup = 818AC8991DA539E500659821 /* Products */;
			projectDirPath = "";
			projectRoot = "";
			targets = (
				818AC8971DA539E500659821 /* TwitterApp */,
			);
		};
/* End PBXProject section */

/* Begin PBXResourcesBuildPhase section */
		818AC8961DA539E500659821 /* Resources */ = {
			isa = PBXResourcesBuildPhase;
			buildActionMask = 2147483647;
			files = (
				818AC8A91DA539E500659821 /* LaunchScreen.storyboard in Resources */,
				818AC8A61DA539E500659821 /* Assets.xcassets in Resources */,
				818AC8A11DA539E500659821 /* Main.storyboard in Resources */,
			);
			runOnlyForDeploymentPostprocessing = 0;
		};
/* End PBXResourcesBuildPhase section */

/* Begin PBXSourcesBuildPhase section */
		818AC8941DA539E500659821 /* Sources */ = {
			isa = PBXSourcesBuildPhase;
			buildActionMask = 2147483647;
			files = (
				818AC8A41DA539E500659821 /* TwitterApp.xcdatamodeld in Sources */,
				818AC8DD1DA610CC00659821 /* TwitterAccount+CoreDataProperties.swift in Sources */,
				818AC8DC1DA610CC00659821 /* TwitterAccount+CoreDataClass.swift in Sources */,
				818AC89E1DA539E500659821 /* ViewController.swift in Sources */,
				818AC8DE1DA610CC00659821 /* Schedule+CoreDataClass.swift in Sources */,
				818AC89C1DA539E500659821 /* AppDelegate.swift in Sources */,
				818AC8DF1DA610CC00659821 /* Schedule+CoreDataProperties.swift in Sources */,
			);
			runOnlyForDeploymentPostprocessing = 0;
		};
/* End PBXSourcesBuildPhase section */

/* Begin PBXVariantGroup section */
		818AC89F1DA539E500659821 /* Main.storyboard */ = {
			isa = PBXVariantGroup;
			children = (
				818AC8A01DA539E500659821 /* Base */,
			);
			name = Main.storyboard;
			sourceTree = "<group>";
		};
		818AC8A71DA539E500659821 /* LaunchScreen.storyboard */ = {
			isa = PBXVariantGroup;
			children = (
				818AC8A81DA539E500659821 /* Base */,
			);
			name = LaunchScreen.storyboard;
			sourceTree = "<group>";
		};
/* End PBXVariantGroup section */

/* Begin XCBuildConfiguration section */
		818AC8AB1DA539E500659821 /* Debug */ = {
			isa = XCBuildConfiguration;
			buildSettings = {
				ALWAYS_SEARCH_USER_PATHS = NO;
				CLANG_ANALYZER_NONNULL = YES;
				CLANG_CXX_LANGUAGE_STANDARD = "gnu++0x";
				CLANG_CXX_LIBRARY = "libc++";
				CLANG_ENABLE_MODULES = YES;
				CLANG_ENABLE_OBJC_ARC = YES;
				CLANG_WARN_BOOL_CONVERSION = YES;
				CLANG_WARN_CONSTANT_CONVERSION = YES;
				CLANG_WARN_DIRECT_OBJC_ISA_USAGE = YES_ERROR;
				CLANG_WARN_DOCUMENTATION_COMMENTS = YES;
				CLANG_WARN_EMPTY_BODY = YES;
				CLANG_WARN_ENUM_CONVERSION = YES;
				CLANG_WARN_INFINITE_RECURSION = YES;
				CLANG_WARN_INT_CONVERSION = YES;
				CLANG_WARN_OBJC_ROOT_CLASS = YES_ERROR;
				CLANG_WARN_SUSPICIOUS_MOVES = YES;
				CLANG_WARN_UNREACHABLE_CODE = YES;
				CLANG_WARN__DUPLICATE_METHOD_MATCH = YES;
				"CODE_SIGN_IDENTITY[sdk=iphoneos*]" = "iPhone Developer";
				COPY_PHASE_STRIP = NO;
				DEBUG_INFORMATION_FORMAT = dwarf;
				ENABLE_STRICT_OBJC_MSGSEND = YES;
				ENABLE_TESTABILITY = YES;
				GCC_C_LANGUAGE_STANDARD = gnu99;
				GCC_DYNAMIC_NO_PIC = NO;
				GCC_NO_COMMON_BLOCKS = YES;
				GCC_OPTIMIZATION_LEVEL = 0;
				GCC_PREPROCESSOR_DEFINITIONS = (
					"DEBUG=1",
					"$(inherited)",
				);
				GCC_WARN_64_TO_32_BIT_CONVERSION = YES;
				GCC_WARN_ABOUT_RETURN_TYPE = YES_ERROR;
				GCC_WARN_UNDECLARED_SELECTOR = YES;
				GCC_WARN_UNINITIALIZED_AUTOS = YES_AGGRESSIVE;
				GCC_WARN_UNUSED_FUNCTION = YES;
				GCC_WARN_UNUSED_VARIABLE = YES;
				IPHONEOS_DEPLOYMENT_TARGET = 10.0;
				MTL_ENABLE_DEBUG_INFO = YES;
				ONLY_ACTIVE_ARCH = YES;
				SDKROOT = iphoneos;
				SWIFT_ACTIVE_COMPILATION_CONDITIONS = DEBUG;
				SWIFT_OPTIMIZATION_LEVEL = "-Onone";
				TARGETED_DEVICE_FAMILY = "1,2";
			};
			name = Debug;
		};
		818AC8AC1DA539E500659821 /* Release */ = {
			isa = XCBuildConfiguration;
			buildSettings = {
				ALWAYS_SEARCH_USER_PATHS = NO;
				CLANG_ANALYZER_NONNULL = YES;
				CLANG_CXX_LANGUAGE_STANDARD = "gnu++0x";
				CLANG_CXX_LIBRARY = "libc++";
				CLANG_ENABLE_MODULES = YES;
				CLANG_ENABLE_OBJC_ARC = YES;
				CLANG_WARN_BOOL_CONVERSION = YES;
				CLANG_WARN_CONSTANT_CONVERSION = YES;
				CLANG_WARN_DIRECT_OBJC_ISA_USAGE = YES_ERROR;
				CLANG_WARN_DOCUMENTATION_COMMENTS = YES;
				CLANG_WARN_EMPTY_BODY = YES;
				CLANG_WARN_ENUM_CONVERSION = YES;
				CLANG_WARN_INFINITE_RECURSION = YES;
				CLANG_WARN_INT_CONVERSION = YES;
				CLANG_WARN_OBJC_ROOT_CLASS = YES_ERROR;
				CLANG_WARN_SUSPICIOUS_MOVES = YES;
				CLANG_WARN_UNREACHABLE_CODE = YES;
				CLANG_WARN__DUPLICATE_METHOD_MATCH = YES;
				"CODE_SIGN_IDENTITY[sdk=iphoneos*]" = "iPhone Developer";
				COPY_PHASE_STRIP = NO;
				DEBUG_INFORMATION_FORMAT = "dwarf-with-dsym";
				ENABLE_NS_ASSERTIONS = NO;
				ENABLE_STRICT_OBJC_MSGSEND = YES;
				GCC_C_LANGUAGE_STANDARD = gnu99;
				GCC_NO_COMMON_BLOCKS = YES;
				GCC_WARN_64_TO_32_BIT_CONVERSION = YES;
				GCC_WARN_ABOUT_RETURN_TYPE = YES_ERROR;
				GCC_WARN_UNDECLARED_SELECTOR = YES;
				GCC_WARN_UNINITIALIZED_AUTOS = YES_AGGRESSIVE;
				GCC_WARN_UNUSED_FUNCTION = YES;
				GCC_WARN_UNUSED_VARIABLE = YES;
				IPHONEOS_DEPLOYMENT_TARGET = 10.0;
				MTL_ENABLE_DEBUG_INFO = NO;
				SDKROOT = iphoneos;
				SWIFT_OPTIMIZATION_LEVEL = "-Owholemodule";
				TARGETED_DEVICE_FAMILY = "1,2";
				VALIDATE_PRODUCT = YES;
			};
			name = Release;
		};
		818AC8AE1DA539E500659821 /* Debug */ = {
			isa = XCBuildConfiguration;
			buildSettings = {
				ASSETCATALOG_COMPILER_APPICON_NAME = AppIcon;
				DEVELOPMENT_TEAM = K723TX5AY3;
				INFOPLIST_FILE = TwitterApp/Info.plist;
				LD_RUNPATH_SEARCH_PATHS = "$(inherited) @executable_path/Frameworks";
				PRODUCT_BUNDLE_IDENTIFIER = com.jakeswedenburg.TwitterApp;
				PRODUCT_NAME = "$(TARGET_NAME)";
				SWIFT_VERSION = 3.0;
			};
			name = Debug;
		};
		818AC8AF1DA539E500659821 /* Release */ = {
			isa = XCBuildConfiguration;
			buildSettings = {
				ASSETCATALOG_COMPILER_APPICON_NAME = AppIcon;
				DEVELOPMENT_TEAM = K723TX5AY3;
				INFOPLIST_FILE = TwitterApp/Info.plist;
				LD_RUNPATH_SEARCH_PATHS = "$(inherited) @executable_path/Frameworks";
				PRODUCT_BUNDLE_IDENTIFIER = com.jakeswedenburg.TwitterApp;
				PRODUCT_NAME = "$(TARGET_NAME)";
				SWIFT_VERSION = 3.0;
			};
			name = Release;
		};
/* End XCBuildConfiguration section */

/* Begin XCConfigurationList section */
		818AC8931DA539E500659821 /* Build configuration list for PBXProject "TwitterApp" */ = {
			isa = XCConfigurationList;
			buildConfigurations = (
				818AC8AB1DA539E500659821 /* Debug */,
				818AC8AC1DA539E500659821 /* Release */,
			);
			defaultConfigurationIsVisible = 0;
			defaultConfigurationName = Release;
		};
		818AC8AD1DA539E500659821 /* Build configuration list for PBXNativeTarget "TwitterApp" */ = {
			isa = XCConfigurationList;
			buildConfigurations = (
				818AC8AE1DA539E500659821 /* Debug */,
				818AC8AF1DA539E500659821 /* Release */,
			);
			defaultConfigurationIsVisible = 0;
		};
/* End XCConfigurationList section */

/* Begin XCVersionGroup section */
		818AC8A21DA539E500659821 /* TwitterApp.xcdatamodeld */ = {
			isa = XCVersionGroup;
			children = (
				818AC8A31DA539E500659821 /* TwitterApp.xcdatamodel */,
			);
			currentVersion = 818AC8A31DA539E500659821 /* TwitterApp.xcdatamodel */;
			path = TwitterApp.xcdatamodeld;
			sourceTree = "<group>";
			versionGroupType = wrapper.xcdatamodel;
		};
/* End XCVersionGroup section */
	};
	rootObject = 818AC8901DA539E500659821 /* Project object */;
}
